
Microsoft Visual Studio Solution File, Format Version 12.00
# Visual Studio Version 17
VisualStudioVersion = 17.3.32825.248
MinimumVisualStudioVersion = 10.0.40219.1
Project("{FAE04EC0-301F-11D3-BF4B-00C04F79EFBC}") = "BotecoTDS07", "BotecoTDS07.csproj", "{F7132499-5DD4-4787-A161-96D1EA410401}"
EndProject
Global
	GlobalSection(SolutionConfigurationPlatforms) = preSolution
		Debug|Any CPU = Debug|Any CPU
		Release|Any CPU = Release|Any CPU
	EndGlobalSection
	GlobalSection(ProjectConfigurationPlatforms) = postSolution
		{F7132499-5DD4-4787-A161-96D1EA410401}.Debug|Any CPU.ActiveCfg = Debug|Any CPU
		{F7132499-5DD4-4787-A161-96D1EA410401}.Debug|Any CPU.Build.0 = Debug|Any CPU
		{F7132499-5DD4-4787-A161-96D1EA410401}.Release|Any CPU.ActiveCfg = Release|Any CPU
		{F7132499-5DD4-4787-A161-96D1EA410401}.Release|Any CPU.Build.0 = Release|Any CPU
	EndGlobalSection
	GlobalSection(SolutionProperties) = preSolution
		HideSolutionNode = FALSE
	EndGlobalSection
	GlobalSection(ExtensibilityGlobals) = postSolution
		SolutionGuid = {A9217E4F-51B3-4589-B74C-06D0832E51CC}
	EndGlobalSection
EndGlobal
